
Microsoft Visual Studio Solution File, Format Version 12.00
# Visual Studio 15
VisualStudioVersion = 15.0.27004.2009
MinimumVisualStudioVersion = 10.0.40219.1
Project("{FAE04EC0-301F-11D3-BF4B-00C04F79EFBC}") = "FilmoviApp", "FilmoviApp\FilmoviApp.csproj", "{AA66036B-AE72-41E7-A062-4D693C2D0347}"
EndProject
Global
	GlobalSection(SolutionConfigurationPlatforms) = preSolution
		Debug|Any CPU = Debug|Any CPU
		Release|Any CPU = Release|Any CPU
	EndGlobalSection
	GlobalSection(ProjectConfigurationPlatforms) = postSolution
		{AA66036B-AE72-41E7-A062-4D693C2D0347}.Debug|Any CPU.ActiveCfg = Debug|Any CPU
		{AA66036B-AE72-41E7-A062-4D693C2D0347}.Debug|Any CPU.Build.0 = Debug|Any CPU
		{AA66036B-AE72-41E7-A062-4D693C2D0347}.Release|Any CPU.ActiveCfg = Release|Any CPU
		{AA66036B-AE72-41E7-A062-4D693C2D0347}.Release|Any CPU.Build.0 = Release|Any CPU
	EndGlobalSection
	GlobalSection(SolutionProperties) = preSolution
		HideSolutionNode = FALSE
	EndGlobalSection
	GlobalSection(ExtensibilityGlobals) = postSolution
		SolutionGuid = {0A984F9B-CB26-4EC9-AB2A-42AFC4EAAC23}
	EndGlobalSection
EndGlobal
